
Microsoft Visual Studio Solution File, Format Version 12.00
# Visual Studio Version 17
VisualStudioVersion = 17.6.33723.286
MinimumVisualStudioVersion = 10.0.40219.1
Project("{9A19103F-16F7-4668-BE54-9A1E7A4F7556}") = "TutoringPlatformBackEnd", "TutoringPlatformBackEnd\TutoringPlatformBackEnd.csproj", "{28380353-F379-48F4-9AB4-2C86AF259C00}"
EndProject
Project("{9A19103F-16F7-4668-BE54-9A1E7A4F7556}") = "TutoringPlatformBackEndGateway", "TutoringPlatformBackEndGateway\TutoringPlatformBackEndGateway.csproj", "{B821C615-DB95-49C6-8AC0-5C57AEE64B6F}"
EndProject
Project("{9A19103F-16F7-4668-BE54-9A1E7A4F7556}") = "TutoringPlatformBackEnd.Users", "TutoringPlatformBackEnd.User\TutoringPlatformBackEnd.Users.csproj", "{83E89914-D002-49E8-BDE2-97995F1D1CCD}"
EndProject
Project("{9A19103F-16F7-4668-BE54-9A1E7A4F7556}") = "TutoringPlatformBackEnd.StudyMaterials", "TutoringPlatformBackEnd.StudyMaterial\TutoringPlatformBackEnd.StudyMaterials.csproj", "{6D33997A-6724-47C0-AE24-99AA715EA74F}"
EndProject
Project("{FAE04EC0-301F-11D3-BF4B-00C04F79EFBC}") = "TutoringPlatformBackEnd.UsersTests", "TutoringPlatformBackEnd.UsersTests\TutoringPlatformBackEnd.UsersTests.csproj", "{74C54BC8-178D-4596-A2AA-1950E5F1A56E}"
EndProject
Project("{FAE04EC0-301F-11D3-BF4B-00C04F79EFBC}") = "TutoringPlatformBackEnd.StudyMaterialsTests", "TutoringPlatformBackEnd.StudyMaterialsTests\TutoringPlatformBackEnd.StudyMaterialsTests.csproj", "{FB8442D5-2223-44D5-A855-C86C9075F487}"
EndProject
Global
	GlobalSection(SolutionConfigurationPlatforms) = preSolution
		Debug|Any CPU = Debug|Any CPU
		Release|Any CPU = Release|Any CPU
	EndGlobalSection
	GlobalSection(ProjectConfigurationPlatforms) = postSolution
		{28380353-F379-48F4-9AB4-2C86AF259C00}.Debug|Any CPU.ActiveCfg = Debug|Any CPU
		{28380353-F379-48F4-9AB4-2C86AF259C00}.Debug|Any CPU.Build.0 = Debug|Any CPU
		{28380353-F379-48F4-9AB4-2C86AF259C00}.Release|Any CPU.ActiveCfg = Release|Any CPU
		{28380353-F379-48F4-9AB4-2C86AF259C00}.Release|Any CPU.Build.0 = Release|Any CPU
		{B821C615-DB95-49C6-8AC0-5C57AEE64B6F}.Debug|Any CPU.ActiveCfg = Debug|Any CPU
		{B821C615-DB95-49C6-8AC0-5C57AEE64B6F}.Debug|Any CPU.Build.0 = Debug|Any CPU
		{B821C615-DB95-49C6-8AC0-5C57AEE64B6F}.Release|Any CPU.ActiveCfg = Release|Any CPU
		{B821C615-DB95-49C6-8AC0-5C57AEE64B6F}.Release|Any CPU.Build.0 = Release|Any CPU
		{83E89914-D002-49E8-BDE2-97995F1D1CCD}.Debug|Any CPU.ActiveCfg = Debug|Any CPU
		{83E89914-D002-49E8-BDE2-97995F1D1CCD}.Debug|Any CPU.Build.0 = Debug|Any CPU
		{83E89914-D002-49E8-BDE2-97995F1D1CCD}.Release|Any CPU.ActiveCfg = Release|Any CPU
		{83E89914-D002-49E8-BDE2-97995F1D1CCD}.Release|Any CPU.Build.0 = Release|Any CPU
		{6D33997A-6724-47C0-AE24-99AA715EA74F}.Debug|Any CPU.ActiveCfg = Debug|Any CPU
		{6D33997A-6724-47C0-AE24-99AA715EA74F}.Debug|Any CPU.Build.0 = Debug|Any CPU
		{6D33997A-6724-47C0-AE24-99AA715EA74F}.Release|Any CPU.ActiveCfg = Release|Any CPU
		{6D33997A-6724-47C0-AE24-99AA715EA74F}.Release|Any CPU.Build.0 = Release|Any CPU
		{74C54BC8-178D-4596-A2AA-1950E5F1A56E}.Debug|Any CPU.ActiveCfg = Debug|Any CPU
		{74C54BC8-178D-4596-A2AA-1950E5F1A56E}.Debug|Any CPU.Build.0 = Debug|Any CPU
		{74C54BC8-178D-4596-A2AA-1950E5F1A56E}.Release|Any CPU.ActiveCfg = Release|Any CPU
		{74C54BC8-178D-4596-A2AA-1950E5F1A56E}.Release|Any CPU.Build.0 = Release|Any CPU
		{FB8442D5-2223-44D5-A855-C86C9075F487}.Debug|Any CPU.ActiveCfg = Debug|Any CPU
		{FB8442D5-2223-44D5-A855-C86C9075F487}.Debug|Any CPU.Build.0 = Debug|Any CPU
		{FB8442D5-2223-44D5-A855-C86C9075F487}.Release|Any CPU.ActiveCfg = Release|Any CPU
		{FB8442D5-2223-44D5-A855-C86C9075F487}.Release|Any CPU.Build.0 = Release|Any CPU
	EndGlobalSection
	GlobalSection(SolutionProperties) = preSolution
		HideSolutionNode = FALSE
	EndGlobalSection
	GlobalSection(ExtensibilityGlobals) = postSolution
		SolutionGuid = {6A31F4F8-94D6-47EA-A0E3-6159C449CD94}
	EndGlobalSection
EndGlobal
